
Microsoft Visual Studio Solution File, Format Version 12.00
# Visual Studio 14
VisualStudioVersion = 14.0.25123.0
MinimumVisualStudioVersion = 10.0.40219.1
Project("{FAE04EC0-301F-11D3-BF4B-00C04F79EFBC}") = "MVC_Entity", "MVC_Entity\MVC_Entity.csproj", "{C2F65431-582A-401A-9001-2DFBC450B16C}"
EndProject
Project("{FAE04EC0-301F-11D3-BF4B-00C04F79EFBC}") = "NinjaProject", "NinjaProject\NinjaProject.csproj", "{EAFCB9B9-FBE9-401B-929F-13C15A7CF7D2}"
EndProject
Project("{FAE04EC0-301F-11D3-BF4B-00C04F79EFBC}") = "EmployeeSalaries", "Employee\EmployeeSalaries.csproj", "{C037F9FF-FDB3-4738-8EF2-73F86037FED3}"
EndProject
Project("{FAE04EC0-301F-11D3-BF4B-00C04F79EFBC}") = "EmployeeProject", "EmployeeProject\EmployeeProject.csproj", "{5CF07197-7AC0-449B-BFD2-21C2263EE7FB}"
EndProject
Global
	GlobalSection(SolutionConfigurationPlatforms) = preSolution
		Debug|Any CPU = Debug|Any CPU
		Release|Any CPU = Release|Any CPU
	EndGlobalSection
	GlobalSection(ProjectConfigurationPlatforms) = postSolution
		{C2F65431-582A-401A-9001-2DFBC450B16C}.Debug|Any CPU.ActiveCfg = Debug|Any CPU
		{C2F65431-582A-401A-9001-2DFBC450B16C}.Debug|Any CPU.Build.0 = Debug|Any CPU
		{C2F65431-582A-401A-9001-2DFBC450B16C}.Release|Any CPU.ActiveCfg = Release|Any CPU
		{C2F65431-582A-401A-9001-2DFBC450B16C}.Release|Any CPU.Build.0 = Release|Any CPU
		{EAFCB9B9-FBE9-401B-929F-13C15A7CF7D2}.Debug|Any CPU.ActiveCfg = Debug|Any CPU
		{EAFCB9B9-FBE9-401B-929F-13C15A7CF7D2}.Debug|Any CPU.Build.0 = Debug|Any CPU
		{EAFCB9B9-FBE9-401B-929F-13C15A7CF7D2}.Release|Any CPU.ActiveCfg = Release|Any CPU
		{EAFCB9B9-FBE9-401B-929F-13C15A7CF7D2}.Release|Any CPU.Build.0 = Release|Any CPU
		{C037F9FF-FDB3-4738-8EF2-73F86037FED3}.Debug|Any CPU.ActiveCfg = Debug|Any CPU
		{C037F9FF-FDB3-4738-8EF2-73F86037FED3}.Debug|Any CPU.Build.0 = Debug|Any CPU
		{C037F9FF-FDB3-4738-8EF2-73F86037FED3}.Release|Any CPU.ActiveCfg = Release|Any CPU
		{C037F9FF-FDB3-4738-8EF2-73F86037FED3}.Release|Any CPU.Build.0 = Release|Any CPU
		{5CF07197-7AC0-449B-BFD2-21C2263EE7FB}.Debug|Any CPU.ActiveCfg = Debug|Any CPU
		{5CF07197-7AC0-449B-BFD2-21C2263EE7FB}.Debug|Any CPU.Build.0 = Debug|Any CPU
		{5CF07197-7AC0-449B-BFD2-21C2263EE7FB}.Release|Any CPU.ActiveCfg = Release|Any CPU
		{5CF07197-7AC0-449B-BFD2-21C2263EE7FB}.Release|Any CPU.Build.0 = Release|Any CPU
	EndGlobalSection
	GlobalSection(SolutionProperties) = preSolution
		HideSolutionNode = FALSE
	EndGlobalSection
EndGlobal
