
Microsoft Visual Studio Solution File, Format Version 12.00
# Visual Studio 14
VisualStudioVersion = 14.0.25123.0
MinimumVisualStudioVersion = 10.0.40219.1
Project("{FAE04EC0-301F-11D3-BF4B-00C04F79EFBC}") = "MVCExercise", "MVCExercise\MVCExercise.csproj", "{D96E2CA9-3EC4-49CF-B7D4-B4CB3CE0B11A}"
EndProject
Global
	GlobalSection(SolutionConfigurationPlatforms) = preSolution
		Debug|Any CPU = Debug|Any CPU
		Release|Any CPU = Release|Any CPU
	EndGlobalSection
	GlobalSection(ProjectConfigurationPlatforms) = postSolution
		{D96E2CA9-3EC4-49CF-B7D4-B4CB3CE0B11A}.Debug|Any CPU.ActiveCfg = Debug|Any CPU
		{D96E2CA9-3EC4-49CF-B7D4-B4CB3CE0B11A}.Debug|Any CPU.Build.0 = Debug|Any CPU
		{D96E2CA9-3EC4-49CF-B7D4-B4CB3CE0B11A}.Release|Any CPU.ActiveCfg = Release|Any CPU
		{D96E2CA9-3EC4-49CF-B7D4-B4CB3CE0B11A}.Release|Any CPU.Build.0 = Release|Any CPU
	EndGlobalSection
	GlobalSection(SolutionProperties) = preSolution
		HideSolutionNode = FALSE
	EndGlobalSection
EndGlobal
